
Microsoft Visual Studio Solution File, Format Version 12.00
# Visual Studio Version 16
VisualStudioVersion = 16.0.31911.196
MinimumVisualStudioVersion = 10.0.40219.1
Project("{9A19103F-16F7-4668-BE54-9A1E7A4F7556}") = "cs16", "cs16.csproj", "{C12FF9B7-CD72-47F7-83C1-EB2C3BB2DD53}"
EndProject
Global
	GlobalSection(SolutionConfigurationPlatforms) = preSolution
		Debug|Any CPU = Debug|Any CPU
		Release|Any CPU = Release|Any CPU
	EndGlobalSection
	GlobalSection(ProjectConfigurationPlatforms) = postSolution
		{C12FF9B7-CD72-47F7-83C1-EB2C3BB2DD53}.Debug|Any CPU.ActiveCfg = Debug|Any CPU
		{C12FF9B7-CD72-47F7-83C1-EB2C3BB2DD53}.Debug|Any CPU.Build.0 = Debug|Any CPU
		{C12FF9B7-CD72-47F7-83C1-EB2C3BB2DD53}.Release|Any CPU.ActiveCfg = Release|Any CPU
		{C12FF9B7-CD72-47F7-83C1-EB2C3BB2DD53}.Release|Any CPU.Build.0 = Release|Any CPU
	EndGlobalSection
	GlobalSection(SolutionProperties) = preSolution
		HideSolutionNode = FALSE
	EndGlobalSection
	GlobalSection(ExtensibilityGlobals) = postSolution
		SolutionGuid = {CAA73D28-CDF1-486E-9D0A-0CF6C1E2199B}
	EndGlobalSection
EndGlobal
