
Microsoft Visual Studio Solution File, Format Version 12.00
# Visual Studio Version 16
VisualStudioVersion = 16.0.31911.196
MinimumVisualStudioVersion = 10.0.40219.1
Project("{9A19103F-16F7-4668-BE54-9A1E7A4F7556}") = "cs_lambda", "cs_lambda.csproj", "{9657EBC4-CA6B-4713-BE80-043D38DE1B59}"
EndProject
Global
	GlobalSection(SolutionConfigurationPlatforms) = preSolution
		Debug|Any CPU = Debug|Any CPU
		Release|Any CPU = Release|Any CPU
	EndGlobalSection
	GlobalSection(ProjectConfigurationPlatforms) = postSolution
		{9657EBC4-CA6B-4713-BE80-043D38DE1B59}.Debug|Any CPU.ActiveCfg = Debug|Any CPU
		{9657EBC4-CA6B-4713-BE80-043D38DE1B59}.Debug|Any CPU.Build.0 = Debug|Any CPU
		{9657EBC4-CA6B-4713-BE80-043D38DE1B59}.Release|Any CPU.ActiveCfg = Release|Any CPU
		{9657EBC4-CA6B-4713-BE80-043D38DE1B59}.Release|Any CPU.Build.0 = Release|Any CPU
	EndGlobalSection
	GlobalSection(SolutionProperties) = preSolution
		HideSolutionNode = FALSE
	EndGlobalSection
	GlobalSection(ExtensibilityGlobals) = postSolution
		SolutionGuid = {389C67BC-A111-4580-A632-27218EE4E520}
	EndGlobalSection
EndGlobal
